
Microsoft Visual Studio Solution File, Format Version 12.00
# Visual Studio Version 16
VisualStudioVersion = 16.0.29709.97
MinimumVisualStudioVersion = 10.0.40219.1
Project("{FAE04EC0-301F-11D3-BF4B-00C04F79EFBC}") = "MediaServerDotnetCore", "MediaServerDotnetCore\MediaServerDotnetCore.csproj", "{74930AA9-18F6-4038-A1A3-ABEE867CFF96}"
EndProject
Global
	GlobalSection(SolutionConfigurationPlatforms) = preSolution
		Debug|Any CPU = Debug|Any CPU
		Release|Any CPU = Release|Any CPU
	EndGlobalSection
	GlobalSection(ProjectConfigurationPlatforms) = postSolution
		{74930AA9-18F6-4038-A1A3-ABEE867CFF96}.Debug|Any CPU.ActiveCfg = Debug|Any CPU
		{74930AA9-18F6-4038-A1A3-ABEE867CFF96}.Debug|Any CPU.Build.0 = Debug|Any CPU
		{74930AA9-18F6-4038-A1A3-ABEE867CFF96}.Release|Any CPU.ActiveCfg = Release|Any CPU
		{74930AA9-18F6-4038-A1A3-ABEE867CFF96}.Release|Any CPU.Build.0 = Release|Any CPU
	EndGlobalSection
	GlobalSection(SolutionProperties) = preSolution
		HideSolutionNode = FALSE
	EndGlobalSection
	GlobalSection(ExtensibilityGlobals) = postSolution
		SolutionGuid = {DA4AD608-7D05-44FB-AD7D-06F8A1D9131B}
	EndGlobalSection
EndGlobal
